
Microsoft Visual Studio Solution File, Format Version 12.00
# Visual Studio 15
VisualStudioVersion = 15.0.28307.960
MinimumVisualStudioVersion = 10.0.40219.1
Project("{FAE04EC0-301F-11D3-BF4B-00C04F79EFBC}") = "LivreOpenClassRoomAutoFormation", "LivreOpenClassRoomAutoFormation\LivreOpenClassRoomAutoFormation.csproj", "{B00DD307-1165-48D5-9932-39C6D5E50AE6}"
EndProject
Global
	GlobalSection(SolutionConfigurationPlatforms) = preSolution
		Debug|Any CPU = Debug|Any CPU
		Release|Any CPU = Release|Any CPU
	EndGlobalSection
	GlobalSection(ProjectConfigurationPlatforms) = postSolution
		{B00DD307-1165-48D5-9932-39C6D5E50AE6}.Debug|Any CPU.ActiveCfg = Debug|Any CPU
		{B00DD307-1165-48D5-9932-39C6D5E50AE6}.Debug|Any CPU.Build.0 = Debug|Any CPU
		{B00DD307-1165-48D5-9932-39C6D5E50AE6}.Release|Any CPU.ActiveCfg = Release|Any CPU
		{B00DD307-1165-48D5-9932-39C6D5E50AE6}.Release|Any CPU.Build.0 = Release|Any CPU
	EndGlobalSection
	GlobalSection(SolutionProperties) = preSolution
		HideSolutionNode = FALSE
	EndGlobalSection
	GlobalSection(ExtensibilityGlobals) = postSolution
		SolutionGuid = {91B4B0CB-A815-43F5-B91C-8868BBF19C79}
	EndGlobalSection
EndGlobal
